Microsoft Visual Studio Solution File, Format Version 12.00
# Visual Studio 2012
Project("{FAE04EC0-301F-11D3-BF4B-00C04F79EFBC}") = "export_array_bug_godot", "export_array_bug_godot.csproj", "{3586D2C7-DED7-4E52-A6AC-64312605AF85}"
EndProject
Global
	GlobalSection(SolutionConfigurationPlatforms) = preSolution
	Debug|Any CPU = Debug|Any CPU
	ExportDebug|Any CPU = ExportDebug|Any CPU
	ExportRelease|Any CPU = ExportRelease|Any CPU
	EndGlobalSection
	GlobalSection(ProjectConfigurationPlatforms) = postSolution
		{3586D2C7-DED7-4E52-A6AC-64312605AF85}.Debug|Any CPU.ActiveCfg = Debug|Any CPU
		{3586D2C7-DED7-4E52-A6AC-64312605AF85}.Debug|Any CPU.Build.0 = Debug|Any CPU
		{3586D2C7-DED7-4E52-A6AC-64312605AF85}.ExportDebug|Any CPU.ActiveCfg = ExportDebug|Any CPU
		{3586D2C7-DED7-4E52-A6AC-64312605AF85}.ExportDebug|Any CPU.Build.0 = ExportDebug|Any CPU
		{3586D2C7-DED7-4E52-A6AC-64312605AF85}.ExportRelease|Any CPU.ActiveCfg = ExportRelease|Any CPU
		{3586D2C7-DED7-4E52-A6AC-64312605AF85}.ExportRelease|Any CPU.Build.0 = ExportRelease|Any CPU
	EndGlobalSection
EndGlobal
